{
	"name": "@yzw-cli-dev/get-npm-info",
	"version": "1.1.1",
	"lockfileVersion": 1,
	"requires": true,
	"dependencies": {
		"axios": {
			"version": "0.21.4",
			"resolved": "https://registry.npmmirror.com/axios/-/axios-0.21.4.tgz",
			"integrity": "sha512-ut5vewkiu8jjGBdqpM44XxjuCjq9LAKeHVmoVfHVzy8eHgxxq8SbAVQNovDA8mVi05kP0Ea/n/UzcSHcTJQfNg==",
			"requires": {
				"follow-redirects": "^1.14.0"
			}
		},
		"follow-redirects": {
			"version": "1.15.6",
			"resolved": "https://registry.npmmirror.com/follow-redirects/-/follow-redirects-1.15.6.tgz",
			"integrity": "sha512-wWN62YITEaOpSK584EZXJafH1AGpO8RVgElfkuXbTOrPX4fIfOyEpW/CsiNd8JdYrAoOvafRTOEnvsO++qCqFA=="
		},
		"semver": {
			"version": "7.6.3",
			"resolved": "https://registry.npmmirror.com/semver/-/semver-7.6.3.tgz",
			"integrity": "sha512-oVekP1cKtI+CTDvHWYFUcMtsK/00wmAEfyqKfNdARm8u1wNVhSgaX7A8d4UuIlUI5e84iEwOhs7ZPYRmzU9U6A=="
		},
		"url-join": {
			"version": "4.0.1",
			"resolved": "https://registry.npmmirror.com/url-join/-/url-join-4.0.1.tgz",
			"integrity": "sha512-jk1+QP6ZJqyOiuEI9AEWQfju/nB2Pw466kbA0LEZljHwKeMgd9WrAEgEGxjPDD2+TNbbb37rTyhEfrCXfuKXnA=="
		}
	}
}
